// !$*UTF8*$!
{
	archiveVersion = 1;
	classes = {
	};
	objectVersion = 50;
	objects = {

/* Begin PBXBuildFile section */
		24870F3E9076E97009FCC11C /* Pods_projectUITests.framework in Frameworks */ = {isa = PBXBuildFile; fileRef = 5981FB3DA9684D727A9BAA45 /* Pods_projectUITests.framework */; };
		69D71EB4D88B48945BBFF835 /* Pods_project.framework in Frameworks */ = {isa = PBXBuildFile; fileRef = B36CA21B68C430B97A229A75 /* Pods_project.framework */; };
		863BD7F421B1C378002AAE30 /* AccountController.swift in Sources */ = {isa = PBXBuildFile; fileRef = 863BD7F321B1C378002AAE30 /* AccountController.swift */; };
		863D2D3B21BAF28C003B73BA /* UserModel.swift in Sources */ = {isa = PBXBuildFile; fileRef = 863D2D3A21BAF28C003B73BA /* UserModel.swift */; };
		9F0369B621FB68C8008B8333 /* ReportingController.swift in Sources */ = {isa = PBXBuildFile; fileRef = 9F0369B521FB68C8008B8333 /* ReportingController.swift */; };
		9F0369B821FB69B5008B8333 /* GoogleService-Info.plist in Resources */ = {isa = PBXBuildFile; fileRef = 9F0369B721FB69B5008B8333 /* GoogleService-Info.plist */; };
		B5CA3F3221A891390075A229 /* AppDelegate.swift in Sources */ = {isa = PBXBuildFile; fileRef = B5CA3F3121A891390075A229 /* AppDelegate.swift */; };
		B5CA3F3421A891390075A229 /* ViewController.swift in Sources */ = {isa = PBXBuildFile; fileRef = B5CA3F3321A891390075A229 /* ViewController.swift */; };
		B5CA3F3721A891390075A229 /* Main.storyboard in Resources */ = {isa = PBXBuildFile; fileRef = B5CA3F3521A891390075A229 /* Main.storyboard */; };
		B5CA3F3921A8913A0075A229 /* Assets.xcassets in Resources */ = {isa = PBXBuildFile; fileRef = B5CA3F3821A8913A0075A229 /* Assets.xcassets */; };
		B5CA3F3C21A8913A0075A229 /* LaunchScreen.storyboard in Resources */ = {isa = PBXBuildFile; fileRef = B5CA3F3A21A8913A0075A229 /* LaunchScreen.storyboard */; };
		B5CA3F4721A8913A0075A229 /* projectTests.swift in Sources */ = {isa = PBXBuildFile; fileRef = B5CA3F4621A8913A0075A229 /* projectTests.swift */; };
		B5CA3F5221A8913A0075A229 /* projectUITests.swift in Sources */ = {isa = PBXBuildFile; fileRef = B5CA3F5121A8913A0075A229 /* projectUITests.swift */; };
		B5F5D5DD21F62EC3005F9AD0 /* AccountSettingsController.swift in Sources */ = {isa = PBXBuildFile; fileRef = B5F5D5DC21F62EC3005F9AD0 /* AccountSettingsController.swift */; };
		C8E405DA65AF03F84793B8D2 /* Pods_projectTests.framework in Frameworks */ = {isa = PBXBuildFile; fileRef = 5A0BFAED0B04A1ACA0EDA311 /* Pods_projectTests.framework */; };
		D991B2ED21B1B9A200F5E926 /* LoginController.swift in Sources */ = {isa = PBXBuildFile; fileRef = D991B2EC21B1B9A200F5E926 /* LoginController.swift */; };
		D991B2F521B1E23100F5E926 /* RegistrationController.swift in Sources */ = {isa = PBXBuildFile; fileRef = D991B2F421B1E23100F5E926 /* RegistrationController.swift */; };
/* End PBXBuildFile section */

/* Begin PBXContainerItemProxy section */
		B5CA3F4321A8913A0075A229 /* PBXContainerItemProxy */ = {
			isa = PBXContainerItemProxy;
			containerPortal = B5CA3F2621A891390075A229 /* Project object */;
			proxyType = 1;
			remoteGlobalIDString = B5CA3F2D21A891390075A229;
			remoteInfo = project;
		};
		B5CA3F4E21A8913A0075A229 /* PBXContainerItemProxy */ = {
			isa = PBXContainerItemProxy;
			containerPortal = B5CA3F2621A891390075A229 /* Project object */;
			proxyType = 1;
			remoteGlobalIDString = B5CA3F2D21A891390075A229;
			remoteInfo = project;
		};
/* End PBXContainerItemProxy section */

/* Begin PBXFileReference section */
		05028087B5C0048625BFC972 /* Pods-projectTests.release.xcconfig */ = {isa = PBXFileReference; includeInIndex = 1; lastKnownFileType = text.xcconfig; name = "Pods-projectTests.release.xcconfig"; path = "Pods/Target Support Files/Pods-projectTests/Pods-projectTests.release.xcconfig"; sourceTree = "<group>"; };
		0A2A2516362399FC824DD6BB /* Pods-projectUITests.debug.xcconfig */ = {isa = PBXFileReference; includeInIndex = 1; lastKnownFileType = text.xcconfig; name = "Pods-projectUITests.debug.xcconfig"; path = "Pods/Target Support Files/Pods-projectUITests/Pods-projectUITests.debug.xcconfig"; sourceTree = "<group>"; };
		5981FB3DA9684D727A9BAA45 /* Pods_projectUITests.framework */ = {isa = PBXFileReference; explicitFileType = wrapper.framework; includeInIndex = 0; path = Pods_projectUITests.framework; sourceTree = BUILT_PRODUCTS_DIR; };
		5A0BFAED0B04A1ACA0EDA311 /* Pods_projectTests.framework */ = {isa = PBXFileReference; explicitFileType = wrapper.framework; includeInIndex = 0; path = Pods_projectTests.framework; sourceTree = BUILT_PRODUCTS_DIR; };
		7BEBFFB42368B6DC7059EFA5 /* Pods-project.release.xcconfig */ = {isa = PBXFileReference; includeInIndex = 1; lastKnownFileType = text.xcconfig; name = "Pods-project.release.xcconfig"; path = "Pods/Target Support Files/Pods-project/Pods-project.release.xcconfig"; sourceTree = "<group>"; };
		863BD7F321B1C378002AAE30 /* AccountController.swift */ = {isa = PBXFileReference; lastKnownFileType = sourcecode.swift; path = AccountController.swift; sourceTree = "<group>"; };
		863D2D3A21BAF28C003B73BA /* UserModel.swift */ = {isa = PBXFileReference; lastKnownFileType = sourcecode.swift; path = UserModel.swift; sourceTree = "<group>"; };
		9F0369B521FB68C8008B8333 /* ReportingController.swift */ = {isa = PBXFileReference; lastKnownFileType = sourcecode.swift; path = ReportingController.swift; sourceTree = "<group>"; };
		9F0369B721FB69B5008B8333 /* GoogleService-Info.plist */ = {isa = PBXFileReference; fileEncoding = 4; lastKnownFileType = text.plist.xml; path = "GoogleService-Info.plist"; sourceTree = "<group>"; };
		A66D653AABBAD881CAA3E77D /* Pods-projectUITests.release.xcconfig */ = {isa = PBXFileReference; includeInIndex = 1; lastKnownFileType = text.xcconfig; name = "Pods-projectUITests.release.xcconfig"; path = "Pods/Target Support Files/Pods-projectUITests/Pods-projectUITests.release.xcconfig"; sourceTree = "<group>"; };
		B1E263F865C646DF3D789039 /* Pods-project.debug.xcconfig */ = {isa = PBXFileReference; includeInIndex = 1; lastKnownFileType = text.xcconfig; name = "Pods-project.debug.xcconfig"; path = "Pods/Target Support Files/Pods-project/Pods-project.debug.xcconfig"; sourceTree = "<group>"; };
		B36CA21B68C430B97A229A75 /* Pods_project.framework */ = {isa = PBXFileReference; explicitFileType = wrapper.framework; includeInIndex = 0; path = Pods_project.framework; sourceTree = BUILT_PRODUCTS_DIR; };
		B5CA3F2E21A891390075A229 /* project.app */ = {isa = PBXFileReference; explicitFileType = wrapper.application; includeInIndex = 0; path = project.app; sourceTree = BUILT_PRODUCTS_DIR; };
		B5CA3F3121A891390075A229 /* AppDelegate.swift */ = {isa = PBXFileReference; lastKnownFileType = sourcecode.swift; path = AppDelegate.swift; sourceTree = "<group>"; };
		B5CA3F3321A891390075A229 /* ViewController.swift */ = {isa = PBXFileReference; lastKnownFileType = sourcecode.swift; path = ViewController.swift; sourceTree = "<group>"; };
		B5CA3F3621A891390075A229 /* Base */ = {isa = PBXFileReference; lastKnownFileType = file.storyboard; name = Base; path = Base.lproj/Main.storyboard; sourceTree = "<group>"; };
		B5CA3F3821A8913A0075A229 /* Assets.xcassets */ = {isa = PBXFileReference; lastKnownFileType = folder.assetcatalog; path = Assets.xcassets; sourceTree = "<group>"; };
		B5CA3F3B21A8913A0075A229 /* Base */ = {isa = PBXFileReference; lastKnownFileType = file.storyboard; name = Base; path = Base.lproj/LaunchScreen.storyboard; sourceTree = "<group>"; };
		B5CA3F3D21A8913A0075A229 /* Info.plist */ = {isa = PBXFileReference; lastKnownFileType = text.plist.xml; path = Info.plist; sourceTree = "<group>"; };
		B5CA3F4221A8913A0075A229 /* projectTests.xctest */ = {isa = PBXFileReference; explicitFileType = wrapper.cfbundle; includeInIndex = 0; path = projectTests.xctest; sourceTree = BUILT_PRODUCTS_DIR; };
		B5CA3F4621A8913A0075A229 /* projectTests.swift */ = {isa = PBXFileReference; lastKnownFileType = sourcecode.swift; path = projectTests.swift; sourceTree = "<group>"; };
		B5CA3F4821A8913A0075A229 /* Info.plist */ = {isa = PBXFileReference; lastKnownFileType = text.plist.xml; path = Info.plist; sourceTree = "<group>"; };
		B5CA3F4D21A8913A0075A229 /* projectUITests.xctest */ = {isa = PBXFileReference; explicitFileType = wrapper.cfbundle; includeInIndex = 0; path = projectUITests.xctest; sourceTree = BUILT_PRODUCTS_DIR; };
		B5CA3F5121A8913A0075A229 /* projectUITests.swift */ = {isa = PBXFileReference; lastKnownFileType = sourcecode.swift; path = projectUITests.swift; sourceTree = "<group>"; };
		B5CA3F5321A8913A0075A229 /* Info.plist */ = {isa = PBXFileReference; lastKnownFileType = text.plist.xml; path = Info.plist; sourceTree = "<group>"; };
		B5F5D5DC21F62EC3005F9AD0 /* AccountSettingsController.swift */ = {isa = PBXFileReference; lastKnownFileType = sourcecode.swift; path = AccountSettingsController.swift; sourceTree = "<group>"; };
		D991B2EC21B1B9A200F5E926 /* LoginController.swift */ = {isa = PBXFileReference; lastKnownFileType = sourcecode.swift; path = LoginController.swift; sourceTree = "<group>"; };
		D991B2F421B1E23100F5E926 /* RegistrationController.swift */ = {isa = PBXFileReference; lastKnownFileType = sourcecode.swift; path = RegistrationController.swift; sourceTree = "<group>"; };
		DC3464B18F2EDBC4E11133A4 /* Pods-projectTests.debug.xcconfig */ = {isa = PBXFileReference; includeInIndex = 1; lastKnownFileType = text.xcconfig; name = "Pods-projectTests.debug.xcconfig"; path = "Pods/Target Support Files/Pods-projectTests/Pods-projectTests.debug.xcconfig"; sourceTree = "<group>"; };
/* End PBXFileReference section */

/* Begin PBXFrameworksBuildPhase section */
		B5CA3F2B21A891390075A229 /* Frameworks */ = {
			isa = PBXFrameworksBuildPhase;
			buildActionMask = 2147483647;
			files = (
				69D71EB4D88B48945BBFF835 /* Pods_project.framework in Frameworks */,
			);
			runOnlyForDeploymentPostprocessing = 0;
		};
		B5CA3F3F21A8913A0075A229 /* Frameworks */ = {
			isa = PBXFrameworksBuildPhase;
			buildActionMask = 2147483647;
			files = (
				C8E405DA65AF03F84793B8D2 /* Pods_projectTests.framework in Frameworks */,
			);
			runOnlyForDeploymentPostprocessing = 0;
		};
		B5CA3F4A21A8913A0075A229 /* Frameworks */ = {
			isa = PBXFrameworksBuildPhase;
			buildActionMask = 2147483647;
			files = (
				24870F3E9076E97009FCC11C /* Pods_projectUITests.framework in Frameworks */,
			);
			runOnlyForDeploymentPostprocessing = 0;
		};
/* End PBXFrameworksBuildPhase section */

/* Begin PBXGroup section */
		5801DB869B352BF751E74930 /* Pods */ = {
			isa = PBXGroup;
			children = (
				B1E263F865C646DF3D789039 /* Pods-project.debug.xcconfig */,
				7BEBFFB42368B6DC7059EFA5 /* Pods-project.release.xcconfig */,
				DC3464B18F2EDBC4E11133A4 /* Pods-projectTests.debug.xcconfig */,
				05028087B5C0048625BFC972 /* Pods-projectTests.release.xcconfig */,
				0A2A2516362399FC824DD6BB /* Pods-projectUITests.debug.xcconfig */,
				A66D653AABBAD881CAA3E77D /* Pods-projectUITests.release.xcconfig */,
			);
			name = Pods;
			sourceTree = "<group>";
		};
		5F18BEEBAB45B57C57AB6F88 /* Frameworks */ = {
			isa = PBXGroup;
			children = (
				B36CA21B68C430B97A229A75 /* Pods_project.framework */,
				5A0BFAED0B04A1ACA0EDA311 /* Pods_projectTests.framework */,
				5981FB3DA9684D727A9BAA45 /* Pods_projectUITests.framework */,
			);
			name = Frameworks;
			sourceTree = "<group>";
		};
		B5CA3F2521A891390075A229 = {
			isa = PBXGroup;
			children = (
				B5CA3F3021A891390075A229 /* project */,
				B5CA3F4521A8913A0075A229 /* projectTests */,
				B5CA3F5021A8913A0075A229 /* projectUITests */,
				B5CA3F2F21A891390075A229 /* Products */,
				5801DB869B352BF751E74930 /* Pods */,
				5F18BEEBAB45B57C57AB6F88 /* Frameworks */,
			);
			sourceTree = "<group>";
		};
		B5CA3F2F21A891390075A229 /* Products */ = {
			isa = PBXGroup;
			children = (
				B5CA3F2E21A891390075A229 /* project.app */,
				B5CA3F4221A8913A0075A229 /* projectTests.xctest */,
				B5CA3F4D21A8913A0075A229 /* projectUITests.xctest */,
			);
			name = Products;
			sourceTree = "<group>";
		};
		B5CA3F3021A891390075A229 /* project */ = {
			isa = PBXGroup;
			children = (
				9F0369B721FB69B5008B8333 /* GoogleService-Info.plist */,
				B5CA3F3121A891390075A229 /* AppDelegate.swift */,
				B5CA3F3321A891390075A229 /* ViewController.swift */,
				B5CA3F3521A891390075A229 /* Main.storyboard */,
				B5CA3F3821A8913A0075A229 /* Assets.xcassets */,
				B5CA3F3A21A8913A0075A229 /* LaunchScreen.storyboard */,
				B5CA3F3D21A8913A0075A229 /* Info.plist */,
				D991B2EC21B1B9A200F5E926 /* LoginController.swift */,
				863BD7F321B1C378002AAE30 /* AccountController.swift */,
				D991B2F421B1E23100F5E926 /* RegistrationController.swift */,
				863D2D3A21BAF28C003B73BA /* UserModel.swift */,
				B5F5D5DC21F62EC3005F9AD0 /* AccountSettingsController.swift */,
				9F0369B521FB68C8008B8333 /* ReportingController.swift */,
			);
			path = project;
			sourceTree = "<group>";
		};
		B5CA3F4521A8913A0075A229 /* projectTests */ = {
			isa = PBXGroup;
			children = (
				B5CA3F4621A8913A0075A229 /* projectTests.swift */,
				B5CA3F4821A8913A0075A229 /* Info.plist */,
			);
			path = projectTests;
			sourceTree = "<group>";
		};
		B5CA3F5021A8913A0075A229 /* projectUITests */ = {
			isa = PBXGroup;
			children = (
				B5CA3F5121A8913A0075A229 /* projectUITests.swift */,
				B5CA3F5321A8913A0075A229 /* Info.plist */,
			);
			path = projectUITests;
			sourceTree = "<group>";
		};
/* End PBXGroup section */

/* Begin PBXNativeTarget section */
		B5CA3F2D21A891390075A229 /* project */ = {
			isa = PBXNativeTarget;
			buildConfigurationList = B5CA3F5621A8913A0075A229 /* Build configuration list for PBXNativeTarget "project" */;
			buildPhases = (
				FD756C11432F03227EE5B77A /* [CP] Check Pods Manifest.lock */,
				B5CA3F2A21A891390075A229 /* Sources */,
				B5CA3F2B21A891390075A229 /* Frameworks */,
				B5CA3F2C21A891390075A229 /* Resources */,
				B0D6AF969E0F0669A3A00243 /* [CP] Embed Pods Frameworks */,
			);
			buildRules = (
			);
			dependencies = (
			);
			name = project;
			productName = project;
			productReference = B5CA3F2E21A891390075A229 /* project.app */;
			productType = "com.apple.product-type.application";
		};
		B5CA3F4121A8913A0075A229 /* projectTests */ = {
			isa = PBXNativeTarget;
			buildConfigurationList = B5CA3F5921A8913A0075A229 /* Build configuration list for PBXNativeTarget "projectTests" */;
			buildPhases = (
				E9086914BCD1D442710FD960 /* [CP] Check Pods Manifest.lock */,
				B5CA3F3E21A8913A0075A229 /* Sources */,
				B5CA3F3F21A8913A0075A229 /* Frameworks */,
				B5CA3F4021A8913A0075A229 /* Resources */,
			);
			buildRules = (
			);
			dependencies = (
				B5CA3F4421A8913A0075A229 /* PBXTargetDependency */,
			);
			name = projectTests;
			productName = projectTests;
			productReference = B5CA3F4221A8913A0075A229 /* projectTests.xctest */;
			productType = "com.apple.product-type.bundle.unit-test";
		};
		B5CA3F4C21A8913A0075A229 /* projectUITests */ = {
			isa = PBXNativeTarget;
			buildConfigurationList = B5CA3F5C21A8913A0075A229 /* Build configuration list for PBXNativeTarget "projectUITests" */;
			buildPhases = (
				799FED3F24390719DB3BBA74 /* [CP] Check Pods Manifest.lock */,
				B5CA3F4921A8913A0075A229 /* Sources */,
				B5CA3F4A21A8913A0075A229 /* Frameworks */,
				B5CA3F4B21A8913A0075A229 /* Resources */,
			);
			buildRules = (
			);
			dependencies = (
				B5CA3F4F21A8913A0075A229 /* PBXTargetDependency */,
			);
			name = projectUITests;
			productName = projectUITests;
			productReference = B5CA3F4D21A8913A0075A229 /* projectUITests.xctest */;
			productType = "com.apple.product-type.bundle.ui-testing";
		};
/* End PBXNativeTarget section */

/* Begin PBXProject section */
		B5CA3F2621A891390075A229 /* Project object */ = {
			isa = PBXProject;
			attributes = {
				LastSwiftUpdateCheck = 0940;
				LastUpgradeCheck = 0940;
				ORGANIZATIONNAME = "De La Rosa Rivero Francisco";
				TargetAttributes = {
					B5CA3F2D21A891390075A229 = {
						CreatedOnToolsVersion = 9.4.1;
					};
					B5CA3F4121A8913A0075A229 = {
						CreatedOnToolsVersion = 9.4.1;
						TestTargetID = B5CA3F2D21A891390075A229;
					};
					B5CA3F4C21A8913A0075A229 = {
						CreatedOnToolsVersion = 9.4.1;
						TestTargetID = B5CA3F2D21A891390075A229;
					};
				};
			};
			buildConfigurationList = B5CA3F2921A891390075A229 /* Build configuration list for PBXProject "project" */;
			compatibilityVersion = "Xcode 9.3";
			developmentRegion = en;
			hasScannedForEncodings = 0;
			knownRegions = (
				en,
				Base,
			);
			mainGroup = B5CA3F2521A891390075A229;
			productRefGroup = B5CA3F2F21A891390075A229 /* Products */;
			projectDirPath = "";
			projectRoot = "";
			targets = (
				B5CA3F2D21A891390075A229 /* project */,
				B5CA3F4121A8913A0075A229 /* projectTests */,
				B5CA3F4C21A8913A0075A229 /* projectUITests */,
			);
		};
/* End PBXProject section */

/* Begin PBXResourcesBuildPhase section */
		B5CA3F2C21A891390075A229 /* Resources */ = {
			isa = PBXResourcesBuildPhase;
			buildActionMask = 2147483647;
			files = (
				B5CA3F3C21A8913A0075A229 /* LaunchScreen.storyboard in Resources */,
				9F0369B821FB69B5008B8333 /* GoogleService-Info.plist in Resources */,
				B5CA3F3921A8913A0075A229 /* Assets.xcassets in Resources */,
				B5CA3F3721A891390075A229 /* Main.storyboard in Resources */,
			);
			runOnlyForDeploymentPostprocessing = 0;
		};
		B5CA3F4021A8913A0075A229 /* Resources */ = {
			isa = PBXResourcesBuildPhase;
			buildActionMask = 2147483647;
			files = (
			);
			runOnlyForDeploymentPostprocessing = 0;
		};
		B5CA3F4B21A8913A0075A229 /* Resources */ = {
			isa = PBXResourcesBuildPhase;
			buildActionMask = 2147483647;
			files = (
			);
			runOnlyForDeploymentPostprocessing = 0;
		};
/* End PBXResourcesBuildPhase section */

/* Begin PBXShellScriptBuildPhase section */
		799FED3F24390719DB3BBA74 /* [CP] Check Pods Manifest.lock */ = {
			isa = PBXShellScriptBuildPhase;
			buildActionMask = 2147483647;
			files = (
			);
			inputPaths = (
				"${PODS_PODFILE_DIR_PATH}/Podfile.lock",
				"${PODS_ROOT}/Manifest.lock",
			);
			name = "[CP] Check Pods Manifest.lock";
			outputPaths = (
				"$(DERIVED_FILE_DIR)/Pods-projectUITests-checkManifestLockResult.txt",
			);
			runOnlyForDeploymentPostprocessing = 0;
			shellPath = /bin/sh;
			shellScript = "diff \"${PODS_PODFILE_DIR_PATH}/Podfile.lock\" \"${PODS_ROOT}/Manifest.lock\" > /dev/null\nif [ $? != 0 ] ; then\n    # print error to STDERR\n    echo \"error: The sandbox is not in sync with the Podfile.lock. Run 'pod install' or update your CocoaPods installation.\" >&2\n    exit 1\nfi\n# This output is used by Xcode 'outputs' to avoid re-running this script phase.\necho \"SUCCESS\" > \"${SCRIPT_OUTPUT_FILE_0}\"\n";
			showEnvVarsInLog = 0;
		};
		B0D6AF969E0F0669A3A00243 /* [CP] Embed Pods Frameworks */ = {
			isa = PBXShellScriptBuildPhase;
			buildActionMask = 2147483647;
			files = (
			);
			inputPaths = (
				"${SRCROOT}/Pods/Target Support Files/Pods-project/Pods-project-frameworks.sh",
				"${BUILT_PRODUCTS_DIR}/GTMSessionFetcher/GTMSessionFetcher.framework",
				"${BUILT_PRODUCTS_DIR}/GoogleUtilities/GoogleUtilities.framework",
				"${BUILT_PRODUCTS_DIR}/leveldb-library/leveldb.framework",
				"${BUILT_PRODUCTS_DIR}/nanopb/nanopb.framework",
			);
			name = "[CP] Embed Pods Frameworks";
			outputPaths = (
				"${TARGET_BUILD_DIR}/${FRAMEWORKS_FOLDER_PATH}/GTMSessionFetcher.framework",
				"${TARGET_BUILD_DIR}/${FRAMEWORKS_FOLDER_PATH}/GoogleUtilities.framework",
				"${TARGET_BUILD_DIR}/${FRAMEWORKS_FOLDER_PATH}/leveldb.framework",
				"${TARGET_BUILD_DIR}/${FRAMEWORKS_FOLDER_PATH}/nanopb.framework",
			);
			runOnlyForDeploymentPostprocessing = 0;
			shellPath = /bin/sh;
			shellScript = "\"${SRCROOT}/Pods/Target Support Files/Pods-project/Pods-project-frameworks.sh\"\n";
			showEnvVarsInLog = 0;
		};
		E9086914BCD1D442710FD960 /* [CP] Check Pods Manifest.lock */ = {
			isa = PBXShellScriptBuildPhase;
			buildActionMask = 2147483647;
			files = (
			);
			inputPaths = (
				"${PODS_PODFILE_DIR_PATH}/Podfile.lock",
				"${PODS_ROOT}/Manifest.lock",
			);
			name = "[CP] Check Pods Manifest.lock";
			outputPaths = (
				"$(DERIVED_FILE_DIR)/Pods-projectTests-checkManifestLockResult.txt",
			);
			runOnlyForDeploymentPostprocessing = 0;
			shellPath = /bin/sh;
			shellScript = "diff \"${PODS_PODFILE_DIR_PATH}/Podfile.lock\" \"${PODS_ROOT}/Manifest.lock\" > /dev/null\nif [ $? != 0 ] ; then\n    # print error to STDERR\n    echo \"error: The sandbox is not in sync with the Podfile.lock. Run 'pod install' or update your CocoaPods installation.\" >&2\n    exit 1\nfi\n# This output is used by Xcode 'outputs' to avoid re-running this script phase.\necho \"SUCCESS\" > \"${SCRIPT_OUTPUT_FILE_0}\"\n";
			showEnvVarsInLog = 0;
		};
		FD756C11432F03227EE5B77A /* [CP] Check Pods Manifest.lock */ = {
			isa = PBXShellScriptBuildPhase;
			buildActionMask = 2147483647;
			files = (
			);
			inputPaths = (
				"${PODS_PODFILE_DIR_PATH}/Podfile.lock",
				"${PODS_ROOT}/Manifest.lock",
			);
			name = "[CP] Check Pods Manifest.lock";
			outputPaths = (
				"$(DERIVED_FILE_DIR)/Pods-project-checkManifestLockResult.txt",
			);
			runOnlyForDeploymentPostprocessing = 0;
			shellPath = /bin/sh;
			shellScript = "diff \"${PODS_PODFILE_DIR_PATH}/Podfile.lock\" \"${PODS_ROOT}/Manifest.lock\" > /dev/null\nif [ $? != 0 ] ; then\n    # print error to STDERR\n    echo \"error: The sandbox is not in sync with the Podfile.lock. Run 'pod install' or update your CocoaPods installation.\" >&2\n    exit 1\nfi\n# This output is used by Xcode 'outputs' to avoid re-running this script phase.\necho \"SUCCESS\" > \"${SCRIPT_OUTPUT_FILE_0}\"\n";
			showEnvVarsInLog = 0;
		};
/* End PBXShellScriptBuildPhase section */

/* Begin PBXSourcesBuildPhase section */
		B5CA3F2A21A891390075A229 /* Sources */ = {
			isa = PBXSourcesBuildPhase;
			buildActionMask = 2147483647;
			files = (
				863BD7F421B1C378002AAE30 /* AccountController.swift in Sources */,
				B5CA3F3421A891390075A229 /* ViewController.swift in Sources */,
				9F0369B621FB68C8008B8333 /* ReportingController.swift in Sources */,
				D991B2ED21B1B9A200F5E926 /* LoginController.swift in Sources */,
				D991B2F521B1E23100F5E926 /* RegistrationController.swift in Sources */,
				B5F5D5DD21F62EC3005F9AD0 /* AccountSettingsController.swift in Sources */,
				863D2D3B21BAF28C003B73BA /* UserModel.swift in Sources */,
				B5CA3F3221A891390075A229 /* AppDelegate.swift in Sources */,
			);
			runOnlyForDeploymentPostprocessing = 0;
		};
		B5CA3F3E21A8913A0075A229 /* Sources */ = {
			isa = PBXSourcesBuildPhase;
			buildActionMask = 2147483647;
			files = (
				B5CA3F4721A8913A0075A229 /* projectTests.swift in Sources */,
			);
			runOnlyForDeploymentPostprocessing = 0;
		};
		B5CA3F4921A8913A0075A229 /* Sources */ = {
			isa = PBXSourcesBuildPhase;
			buildActionMask = 2147483647;
			files = (
				B5CA3F5221A8913A0075A229 /* projectUITests.swift in Sources */,
			);
			runOnlyForDeploymentPostprocessing = 0;
		};
/* End PBXSourcesBuildPhase section */

/* Begin PBXTargetDependency section */
		B5CA3F4421A8913A0075A229 /* PBXTargetDependency */ = {
			isa = PBXTargetDependency;
			target = B5CA3F2D21A891390075A229 /* project */;
			targetProxy = B5CA3F4321A8913A0075A229 /* PBXContainerItemProxy */;
		};
		B5CA3F4F21A8913A0075A229 /* PBXTargetDependency */ = {
			isa = PBXTargetDependency;
			target = B5CA3F2D21A891390075A229 /* project */;
			targetProxy = B5CA3F4E21A8913A0075A229 /* PBXContainerItemProxy */;
		};
/* End PBXTargetDependency section */

/* Begin PBXVariantGroup section */
		B5CA3F3521A891390075A229 /* Main.storyboard */ = {
			isa = PBXVariantGroup;
			children = (
				B5CA3F3621A891390075A229 /* Base */,
			);
			name = Main.storyboard;
			sourceTree = "<group>";
		};
		B5CA3F3A21A8913A0075A229 /* LaunchScreen.storyboard */ = {
			isa = PBXVariantGroup;
			children = (
				B5CA3F3B21A8913A0075A229 /* Base */,
			);
			name = LaunchScreen.storyboard;
			sourceTree = "<group>";
		};
/* End PBXVariantGroup section */

/* Begin XCBuildConfiguration section */
		B5CA3F5421A8913A0075A229 /* Debug */ = {
			isa = XCBuildConfiguration;
			buildSettings = {
				ALWAYS_SEARCH_USER_PATHS = NO;
				CLANG_ANALYZER_NONNULL = YES;
				CLANG_ANALYZER_NUMBER_OBJECT_CONVERSION = YES_AGGRESSIVE;
				CLANG_CXX_LANGUAGE_STANDARD = "gnu++14";
				CLANG_CXX_LIBRARY = "libc++";
				CLANG_ENABLE_MODULES = YES;
				CLANG_ENABLE_OBJC_ARC = YES;
				CLANG_ENABLE_OBJC_WEAK = YES;
				CLANG_WARN_BLOCK_CAPTURE_AUTORELEASING = YES;
				CLANG_WARN_BOOL_CONVERSION = YES;
				CLANG_WARN_COMMA = YES;
				CLANG_WARN_CONSTANT_CONVERSION = YES;
				CLANG_WARN_DEPRECATED_OBJC_IMPLEMENTATIONS = YES;
				CLANG_WARN_DIRECT_OBJC_ISA_USAGE = YES_ERROR;
				CLANG_WARN_DOCUMENTATION_COMMENTS = YES;
				CLANG_WARN_EMPTY_BODY = YES;
				CLANG_WARN_ENUM_CONVERSION = YES;
				CLANG_WARN_INFINITE_RECURSION = YES;
				CLANG_WARN_INT_CONVERSION = YES;
				CLANG_WARN_NON_LITERAL_NULL_CONVERSION = YES;
				CLANG_WARN_OBJC_IMPLICIT_RETAIN_SELF = YES;
				CLANG_WARN_OBJC_LITERAL_CONVERSION = YES;
				CLANG_WARN_OBJC_ROOT_CLASS = YES_ERROR;
				CLANG_WARN_RANGE_LOOP_ANALYSIS = YES;
				CLANG_WARN_STRICT_PROTOTYPES = YES;
				CLANG_WARN_SUSPICIOUS_MOVE = YES;
				CLANG_WARN_UNGUARDED_AVAILABILITY = YES_AGGRESSIVE;
				CLANG_WARN_UNREACHABLE_CODE = YES;
				CLANG_WARN__DUPLICATE_METHOD_MATCH = YES;
				CODE_SIGN_IDENTITY = "iPhone Developer";
				COPY_PHASE_STRIP = NO;
				DEBUG_INFORMATION_FORMAT = dwarf;
				ENABLE_STRICT_OBJC_MSGSEND = YES;
				ENABLE_TESTABILITY = YES;
				GCC_C_LANGUAGE_STANDARD = gnu11;
				GCC_DYNAMIC_NO_PIC = NO;
				GCC_NO_COMMON_BLOCKS = YES;
				GCC_OPTIMIZATION_LEVEL = 0;
				GCC_PREPROCESSOR_DEFINITIONS = (
					"DEBUG=1",
					"$(inherited)",
				);
				GCC_WARN_64_TO_32_BIT_CONVERSION = YES;
				GCC_WARN_ABOUT_RETURN_TYPE = YES_ERROR;
				GCC_WARN_UNDECLARED_SELECTOR = YES;
				GCC_WARN_UNINITIALIZED_AUTOS = YES_AGGRESSIVE;
				GCC_WARN_UNUSED_FUNCTION = YES;
				GCC_WARN_UNUSED_VARIABLE = YES;
				IPHONEOS_DEPLOYMENT_TARGET = 11.4;
				MTL_ENABLE_DEBUG_INFO = YES;
				ONLY_ACTIVE_ARCH = YES;
				SDKROOT = iphoneos;
				SWIFT_ACTIVE_COMPILATION_CONDITIONS = DEBUG;
				SWIFT_OPTIMIZATION_LEVEL = "-Onone";
			};
			name = Debug;
		};
		B5CA3F5521A8913A0075A229 /* Release */ = {
			isa = XCBuildConfiguration;
			buildSettings = {
				ALWAYS_SEARCH_USER_PATHS = NO;
				CLANG_ANALYZER_NONNULL = YES;
				CLANG_ANALYZER_NUMBER_OBJECT_CONVERSION = YES_AGGRESSIVE;
				CLANG_CXX_LANGUAGE_STANDARD = "gnu++14";
				CLANG_CXX_LIBRARY = "libc++";
				CLANG_ENABLE_MODULES = YES;
				CLANG_ENABLE_OBJC_ARC = YES;
				CLANG_ENABLE_OBJC_WEAK = YES;
				CLANG_WARN_BLOCK_CAPTURE_AUTORELEASING = YES;
				CLANG_WARN_BOOL_CONVERSION = YES;
				CLANG_WARN_COMMA = YES;
				CLANG_WARN_CONSTANT_CONVERSION = YES;
				CLANG_WARN_DEPRECATED_OBJC_IMPLEMENTATIONS = YES;
				CLANG_WARN_DIRECT_OBJC_ISA_USAGE = YES_ERROR;
				CLANG_WARN_DOCUMENTATION_COMMENTS = YES;
				CLANG_WARN_EMPTY_BODY = YES;
				CLANG_WARN_ENUM_CONVERSION = YES;
				CLANG_WARN_INFINITE_RECURSION = YES;
				CLANG_WARN_INT_CONVERSION = YES;
				CLANG_WARN_NON_LITERAL_NULL_CONVERSION = YES;
				CLANG_WARN_OBJC_IMPLICIT_RETAIN_SELF = YES;
				CLANG_WARN_OBJC_LITERAL_CONVERSION = YES;
				CLANG_WARN_OBJC_ROOT_CLASS = YES_ERROR;
				CLANG_WARN_RANGE_LOOP_ANALYSIS = YES;
				CLANG_WARN_STRICT_PROTOTYPES = YES;
				CLANG_WARN_SUSPICIOUS_MOVE = YES;
				CLANG_WARN_UNGUARDED_AVAILABILITY = YES_AGGRESSIVE;
				CLANG_WARN_UNREACHABLE_CODE = YES;
				CLANG_WARN__DUPLICATE_METHOD_MATCH = YES;
				CODE_SIGN_IDENTITY = "iPhone Developer";
				COPY_PHASE_STRIP = NO;
				DEBUG_INFORMATION_FORMAT = "dwarf-with-dsym";
				ENABLE_NS_ASSERTIONS = NO;
				ENABLE_STRICT_OBJC_MSGSEND = YES;
				GCC_C_LANGUAGE_STANDARD = gnu11;
				GCC_NO_COMMON_BLOCKS = YES;
				GCC_WARN_64_TO_32_BIT_CONVERSION = YES;
				GCC_WARN_ABOUT_RETURN_TYPE = YES_ERROR;
				GCC_WARN_UNDECLARED_SELECTOR = YES;
				GCC_WARN_UNINITIALIZED_AUTOS = YES_AGGRESSIVE;
				GCC_WARN_UNUSED_FUNCTION = YES;
				GCC_WARN_UNUSED_VARIABLE = YES;
				IPHONEOS_DEPLOYMENT_TARGET = 11.4;
				MTL_ENABLE_DEBUG_INFO = NO;
				SDKROOT = iphoneos;
				SWIFT_COMPILATION_MODE = wholemodule;
				SWIFT_OPTIMIZATION_LEVEL = "-O";
				VALIDATE_PRODUCT = YES;
			};
			name = Release;
		};
		B5CA3F5721A8913A0075A229 /* Debug */ = {
			isa = XCBuildConfiguration;
			baseConfigurationReference = B1E263F865C646DF3D789039 /* Pods-project.debug.xcconfig */;
			buildSettings = {
				ASSETCATALOG_COMPILER_APPICON_NAME = AppIcon;
				CODE_SIGN_STYLE = Automatic;
				INFOPLIST_FILE = project/Info.plist;
				LD_RUNPATH_SEARCH_PATHS = (
					"$(inherited)",
					"@executable_path/Frameworks",
				);
				PRODUCT_BUNDLE_IDENTIFIER = Humber.project;
				PRODUCT_NAME = "$(TARGET_NAME)";
				SWIFT_VERSION = 4.0;
				TARGETED_DEVICE_FAMILY = "1,2";
			};
			name = Debug;
		};
		B5CA3F5821A8913A0075A229 /* Release */ = {
			isa = XCBuildConfiguration;
			baseConfigurationReference = 7BEBFFB42368B6DC7059EFA5 /* Pods-project.release.xcconfig */;
			buildSettings = {
				ASSETCATALOG_COMPILER_APPICON_NAME = AppIcon;
				CODE_SIGN_STYLE = Automatic;
				INFOPLIST_FILE = project/Info.plist;
				LD_RUNPATH_SEARCH_PATHS = (
					"$(inherited)",
					"@executable_path/Frameworks",
				);
				PRODUCT_BUNDLE_IDENTIFIER = Humber.project;
				PRODUCT_NAME = "$(TARGET_NAME)";
				SWIFT_VERSION = 4.0;
				TARGETED_DEVICE_FAMILY = "1,2";
			};
			name = Release;
		};
		B5CA3F5A21A8913A0075A229 /* Debug */ = {
			isa = XCBuildConfiguration;
			baseConfigurationReference = DC3464B18F2EDBC4E11133A4 /* Pods-projectTests.debug.xcconfig */;
			buildSettings = {
				ALWAYS_EMBED_SWIFT_STANDARD_LIBRARIES = YES;
				BUNDLE_LOADER = "$(TEST_HOST)";
				CODE_SIGN_STYLE = Automatic;
				INFOPLIST_FILE = projectTests/Info.plist;
				LD_RUNPATH_SEARCH_PATHS = (
					"$(inherited)",
					"@executable_path/Frameworks",
					"@loader_path/Frameworks",
				);
				PRODUCT_BUNDLE_IDENTIFIER = Humber.projectTests;
				PRODUCT_NAME = "$(TARGET_NAME)";
				SWIFT_VERSION = 4.0;
				TARGETED_DEVICE_FAMILY = "1,2";
				TEST_HOST = "$(BUILT_PRODUCTS_DIR)/project.app/project";
			};
			name = Debug;
		};
		B5CA3F5B21A8913A0075A229 /* Release */ = {
			isa = XCBuildConfiguration;
			baseConfigurationReference = 05028087B5C0048625BFC972 /* Pods-projectTests.release.xcconfig */;
			buildSettings = {
				ALWAYS_EMBED_SWIFT_STANDARD_LIBRARIES = YES;
				BUNDLE_LOADER = "$(TEST_HOST)";
				CODE_SIGN_STYLE = Automatic;
				INFOPLIST_FILE = projectTests/Info.plist;
				LD_RUNPATH_SEARCH_PATHS = (
					"$(inherited)",
					"@executable_path/Frameworks",
					"@loader_path/Frameworks",
				);
				PRODUCT_BUNDLE_IDENTIFIER = Humber.projectTests;
				PRODUCT_NAME = "$(TARGET_NAME)";
				SWIFT_VERSION = 4.0;
				TARGETED_DEVICE_FAMILY = "1,2";
				TEST_HOST = "$(BUILT_PRODUCTS_DIR)/project.app/project";
			};
			name = Release;
		};
		B5CA3F5D21A8913A0075A229 /* Debug */ = {
			isa = XCBuildConfiguration;
			baseConfigurationReference = 0A2A2516362399FC824DD6BB /* Pods-projectUITests.debug.xcconfig */;
			buildSettings = {
				ALWAYS_EMBED_SWIFT_STANDARD_LIBRARIES = YES;
				CODE_SIGN_STYLE = Automatic;
				INFOPLIST_FILE = projectUITests/Info.plist;
				LD_RUNPATH_SEARCH_PATHS = (
					"$(inherited)",
					"@executable_path/Frameworks",
					"@loader_path/Frameworks",
				);
				PRODUCT_BUNDLE_IDENTIFIER = Humber.projectUITests;
				PRODUCT_NAME = "$(TARGET_NAME)";
				SWIFT_VERSION = 4.0;
				TARGETED_DEVICE_FAMILY = "1,2";
				TEST_TARGET_NAME = project;
			};
			name = Debug;
		};
		B5CA3F5E21A8913A0075A229 /* Release */ = {
			isa = XCBuildConfiguration;
			baseConfigurationReference = A66D653AABBAD881CAA3E77D /* Pods-projectUITests.release.xcconfig */;
			buildSettings = {
				ALWAYS_EMBED_SWIFT_STANDARD_LIBRARIES = YES;
				CODE_SIGN_STYLE = Automatic;
				INFOPLIST_FILE = projectUITests/Info.plist;
				LD_RUNPATH_SEARCH_PATHS = (
					"$(inherited)",
					"@executable_path/Frameworks",
					"@loader_path/Frameworks",
				);
				PRODUCT_BUNDLE_IDENTIFIER = Humber.projectUITests;
				PRODUCT_NAME = "$(TARGET_NAME)";
				SWIFT_VERSION = 4.0;
				TARGETED_DEVICE_FAMILY = "1,2";
				TEST_TARGET_NAME = project;
			};
			name = Release;
		};
/* End XCBuildConfiguration section */

/* Begin XCConfigurationList section */
		B5CA3F2921A891390075A229 /* Build configuration list for PBXProject "project" */ = {
			isa = XCConfigurationList;
			buildConfigurations = (
				B5CA3F5421A8913A0075A229 /* Debug */,
				B5CA3F5521A8913A0075A229 /* Release */,
			);
			defaultConfigurationIsVisible = 0;
			defaultConfigurationName = Release;
		};
		B5CA3F5621A8913A0075A229 /* Build configuration list for PBXNativeTarget "project" */ = {
			isa = XCConfigurationList;
			buildConfigurations = (
				B5CA3F5721A8913A0075A229 /* Debug */,
				B5CA3F5821A8913A0075A229 /* Release */,
			);
			defaultConfigurationIsVisible = 0;
			defaultConfigurationName = Release;
		};
		B5CA3F5921A8913A0075A229 /* Build configuration list for PBXNativeTarget "projectTests" */ = {
			isa = XCConfigurationList;
			buildConfigurations = (
				B5CA3F5A21A8913A0075A229 /* Debug */,
				B5CA3F5B21A8913A0075A229 /* Release */,
			);
			defaultConfigurationIsVisible = 0;
			defaultConfigurationName = Release;
		};
		B5CA3F5C21A8913A0075A229 /* Build configuration list for PBXNativeTarget "projectUITests" */ = {
			isa = XCConfigurationList;
			buildConfigurations = (
				B5CA3F5D21A8913A0075A229 /* Debug */,
				B5CA3F5E21A8913A0075A229 /* Release */,
			);
			defaultConfigurationIsVisible = 0;
			defaultConfigurationName = Release;
		};
/* End XCConfigurationList section */
	};
	rootObject = B5CA3F2621A891390075A229 /* Project object */;
}
